
Microsoft Visual Studio Solution File, Format Version 12.00
# Visual Studio 15
VisualStudioVersion = 15.0.27428.2027
MinimumVisualStudioVersion = 10.0.40219.1
Project("{9A19103F-16F7-4668-BE54-9A1E7A4F7556}") = "WiredBrainCoffee.Simulators", "WiredBrainCoffee.Simulators\WiredBrainCoffee.Simulators.csproj", "{C8537932-4AFB-431B-B84C-4EAE110D678B}"
EndProject
Project("{9A19103F-16F7-4668-BE54-9A1E7A4F7556}") = "WiredBrainCoffee.ConsoleApp", "WiredBrainCoffee.ConsoleApp\WiredBrainCoffee.ConsoleApp.csproj", "{41AB7EF0-C1F7-4FE5-BB74-F128AB5FE1F8}"
EndProject
Project("{FAE04EC0-301F-11D3-BF4B-00C04F79EFBC}") = "WiredBrainCoffee.UI.Wpf", "WiredBrainCoffee.UI.Wpf\WiredBrainCoffee.UI.Wpf.csproj", "{7C5AAF81-1048-42D1-98F4-13C461755922}"
EndProject
Project("{2150E333-8FDC-42A3-9474-1A3956D46DE8}") = ".NET Core", ".NET Core", "{76FF75DF-02CD-4799-A009-3647D0A9A91A}"
EndProject
Project("{2150E333-8FDC-42A3-9474-1A3956D46DE8}") = ".NET Framework", ".NET Framework", "{B8692FB7-C83B-4927-9D34-96D8F518E296}"
EndProject
Project("{2150E333-8FDC-42A3-9474-1A3956D46DE8}") = ".NET Standard", ".NET Standard", "{DCF84C30-EB6F-42D7-AF51-7E3012E13078}"
EndProject
Project("{9A19103F-16F7-4668-BE54-9A1E7A4F7556}") = "WiredBrainCoffee.Storage", "WiredBrainCoffee.Storage\WiredBrainCoffee.Storage.csproj", "{5AE6FBD3-EEFF-4620-970E-FD03B402C877}"
EndProject
Global
	GlobalSection(SolutionConfigurationPlatforms) = preSolution
		Debug|Any CPU = Debug|Any CPU
		Release|Any CPU = Release|Any CPU
	EndGlobalSection
	GlobalSection(ProjectConfigurationPlatforms) = postSolution
		{C8537932-4AFB-431B-B84C-4EAE110D678B}.Debug|Any CPU.ActiveCfg = Debug|Any CPU
		{C8537932-4AFB-431B-B84C-4EAE110D678B}.Debug|Any CPU.Build.0 = Debug|Any CPU
		{C8537932-4AFB-431B-B84C-4EAE110D678B}.Release|Any CPU.ActiveCfg = Release|Any CPU
		{C8537932-4AFB-431B-B84C-4EAE110D678B}.Release|Any CPU.Build.0 = Release|Any CPU
		{41AB7EF0-C1F7-4FE5-BB74-F128AB5FE1F8}.Debug|Any CPU.ActiveCfg = Debug|Any CPU
		{41AB7EF0-C1F7-4FE5-BB74-F128AB5FE1F8}.Debug|Any CPU.Build.0 = Debug|Any CPU
		{41AB7EF0-C1F7-4FE5-BB74-F128AB5FE1F8}.Release|Any CPU.ActiveCfg = Release|Any CPU
		{41AB7EF0-C1F7-4FE5-BB74-F128AB5FE1F8}.Release|Any CPU.Build.0 = Release|Any CPU
		{7C5AAF81-1048-42D1-98F4-13C461755922}.Debug|Any CPU.ActiveCfg = Debug|Any CPU
		{7C5AAF81-1048-42D1-98F4-13C461755922}.Debug|Any CPU.Build.0 = Debug|Any CPU
		{7C5AAF81-1048-42D1-98F4-13C461755922}.Release|Any CPU.ActiveCfg = Release|Any CPU
		{7C5AAF81-1048-42D1-98F4-13C461755922}.Release|Any CPU.Build.0 = Release|Any CPU
		{5AE6FBD3-EEFF-4620-970E-FD03B402C877}.Debug|Any CPU.ActiveCfg = Debug|Any CPU
		{5AE6FBD3-EEFF-4620-970E-FD03B402C877}.Debug|Any CPU.Build.0 = Debug|Any CPU
		{5AE6FBD3-EEFF-4620-970E-FD03B402C877}.Release|Any CPU.ActiveCfg = Release|Any CPU
		{5AE6FBD3-EEFF-4620-970E-FD03B402C877}.Release|Any CPU.Build.0 = Release|Any CPU
	EndGlobalSection
	GlobalSection(SolutionProperties) = preSolution
		HideSolutionNode = FALSE
	EndGlobalSection
	GlobalSection(NestedProjects) = preSolution
		{C8537932-4AFB-431B-B84C-4EAE110D678B} = {DCF84C30-EB6F-42D7-AF51-7E3012E13078}
		{41AB7EF0-C1F7-4FE5-BB74-F128AB5FE1F8} = {76FF75DF-02CD-4799-A009-3647D0A9A91A}
		{7C5AAF81-1048-42D1-98F4-13C461755922} = {B8692FB7-C83B-4927-9D34-96D8F518E296}
		{5AE6FBD3-EEFF-4620-970E-FD03B402C877} = {DCF84C30-EB6F-42D7-AF51-7E3012E13078}
	EndGlobalSection
	GlobalSection(ExtensibilityGlobals) = postSolution
		SolutionGuid = {84A3377D-AB20-4423-929E-C82F110EA70F}
	EndGlobalSection
EndGlobal
